# This file is @generated by PDM.
# It is not intended for manual editing.

[metadata]
groups = ["default"]
strategy = ["inherit_metadata"]
lock_version = "4.5.0"
content_hash = "sha256:48508e18a0a95ed67e3aa9459f64c90ed73c5282c20f41396b99edf7cd94170e"

[[metadata.targets]]
requires_python = "==3.12.*"

[[package]]
name = "annotated-types"
version = "0.7.0"
requires_python = ">=3.8"
summary = "Reusable constraint types to use with typing.Annotated"
groups = ["default"]
dependencies = [
    "typing-extensions>=4.0.0; python_version < \"3.9\"",
]
files = [
    {file = "annotated_types-0.7.0-py3-none-any.whl", hash = "sha256:1f02e8b43a8fbbc3f3e0d4f0f4bfc8131bcb4eebe8849b8e5c773f3a1c582a53"},
    {file = "annotated_types-0.7.0.tar.gz", hash = "sha256:aff07c09a53a08bc8cfccb9c85b05f1aa9a2a6f23728d790723543408344ce89"},
]

[[package]]
name = "anyio"
version = "4.10.0"
requires_python = ">=3.9"
summary = "High-level concurrency and networking framework on top of asyncio or Trio"
groups = ["default"]
dependencies = [
    "exceptiongroup>=1.0.2; python_version < \"3.11\"",
    "idna>=2.8",
    "sniffio>=1.1",
    "typing-extensions>=4.5; python_version < \"3.13\"",
]
files = [
    {file = "anyio-4.10.0-py3-none-any.whl", hash = "sha256:60e474ac86736bbfd6f210f7a61218939c318f43f9972497381f1c5e930ed3d1"},
    {file = "anyio-4.10.0.tar.gz", hash = "sha256:3f3fae35c96039744587aa5b8371e7e8e603c0702999535961dd336026973ba6"},
]

[[package]]
name = "asyncio"
version = "4.0.0"
requires_python = ">=3.4"
summary = "Deprecated backport of asyncio; use the stdlib package instead"
groups = ["default"]
files = [
    {file = "asyncio-4.0.0-py3-none-any.whl", hash = "sha256:c1eddb0659231837046809e68103969b2bef8b0400d59cfa6363f6b5ed8cc88b"},
    {file = "asyncio-4.0.0.tar.gz", hash = "sha256:570cd9e50db83bc1629152d4d0b7558d6451bb1bfd5dfc2e935d96fc2f40329b"},
]

[[package]]
name = "attrs"
version = "25.3.0"
requires_python = ">=3.8"
summary = "Classes Without Boilerplate"
groups = ["default"]
files = [
    {file = "attrs-25.3.0-py3-none-any.whl", hash = "sha256:427318ce031701fea540783410126f03899a97ffc6f61596ad581ac2e40e3bc3"},
    {file = "attrs-25.3.0.tar.gz", hash = "sha256:75d7cefc7fb576747b2c81b4442d4d4a1ce0900973527c011d1030fd3bf4af1b"},
]

[[package]]
name = "authlib"
version = "1.6.4"
requires_python = ">=3.9"
summary = "The ultimate Python library in building OAuth and OpenID Connect servers and clients."
groups = ["default"]
dependencies = [
    "cryptography",
]
files = [
    {file = "authlib-1.6.4-py2.py3-none-any.whl", hash = "sha256:39313d2a2caac3ecf6d8f95fbebdfd30ae6ea6ae6a6db794d976405fdd9aa796"},
    {file = "authlib-1.6.4.tar.gz", hash = "sha256:104b0442a43061dc8bc23b133d1d06a2b0a9c2e3e33f34c4338929e816287649"},
]

[[package]]
name = "certifi"
version = "2025.8.3"
requires_python = ">=3.7"
summary = "Python package for providing Mozilla's CA Bundle."
groups = ["default"]
files = [
    {file = "certifi-2025.8.3-py3-none-any.whl", hash = "sha256:f6c12493cfb1b06ba2ff328595af9350c65d6644968e5d3a2ffd78699af217a5"},
    {file = "certifi-2025.8.3.tar.gz", hash = "sha256:e564105f78ded564e3ae7c923924435e1daa7463faeab5bb932bc53ffae63407"},
]

[[package]]
name = "cffi"
version = "2.0.0"
requires_python = ">=3.9"
summary = "Foreign Function Interface for Python calling C code."
groups = ["default"]
marker = "python_full_version >= \"3.9\" and platform_python_implementation != \"PyPy\""
dependencies = [
    "pycparser; implementation_name != \"PyPy\"",
]
files = [
    {file = "cffi-2.0.0-cp312-cp312-macosx_10_13_x86_64.whl", hash = "sha256:6d02d6655b0e54f54c4ef0b94eb6be0607b70853c45ce98bd278dc7de718be5d"},
    {file = "cffi-2.0.0-cp312-cp312-macosx_11_0_arm64.whl", hash = "sha256:8eca2a813c1cb7ad4fb74d368c2ffbbb4789d377ee5bb8df98373c2cc0dee76c"},
    {file = "cffi-2.0.0-cp312-cp312-manylinux1_i686.manylinux2014_i686.manylinux_2_17_i686.manylinux_2_5_i686.whl", hash = "sha256:21d1152871b019407d8ac3985f6775c079416c282e431a4da6afe7aefd2bccbe"},
    {file = "cffi-2.0.0-cp312-cp312-manylinux2014_aarch64.manylinux_2_17_aarch64.whl", hash = "sha256:b21e08af67b8a103c71a250401c78d5e0893beff75e28c53c98f4de42f774062"},
    {file = "cffi-2.0.0-cp312-cp312-manylinux2014_ppc64le.manylinux_2_17_ppc64le.whl", hash = "sha256:1e3a615586f05fc4065a8b22b8152f0c1b00cdbc60596d187c2a74f9e3036e4e"},
    {file = "cffi-2.0.0-cp312-cp312-manylinux2014_s390x.manylinux_2_17_s390x.whl", hash = "sha256:81afed14892743bbe14dacb9e36d9e0e504cd204e0b165062c488942b9718037"},
    {file = "cffi-2.0.0-cp312-cp312-manylinux2014_x86_64.manylinux_2_17_x86_64.whl", hash = "sha256:3e17ed538242334bf70832644a32a7aae3d83b57567f9fd60a26257e992b79ba"},
    {file = "cffi-2.0.0-cp312-cp312-musllinux_1_2_aarch64.whl", hash = "sha256:3925dd22fa2b7699ed2617149842d2e6adde22b262fcbfada50e3d195e4b3a94"},
    {file = "cffi-2.0.0-cp312-cp312-musllinux_1_2_x86_64.whl", hash = "sha256:2c8f814d84194c9ea681642fd164267891702542f028a15fc97d4674b6206187"},
    {file = "cffi-2.0.0-cp312-cp312-win32.whl", hash = "sha256:da902562c3e9c550df360bfa53c035b2f241fed6d9aef119048073680ace4a18"},
    {file = "cffi-2.0.0-cp312-cp312-win_amd64.whl", hash = "sha256:da68248800ad6320861f129cd9c1bf96ca849a2771a59e0344e88681905916f5"},
    {file = "cffi-2.0.0-cp312-cp312-win_arm64.whl", hash = "sha256:4671d9dd5ec934cb9a73e7ee9676f9362aba54f7f34910956b84d727b0d73fb6"},
    {file = "cffi-2.0.0.tar.gz", hash = "sha256:44d1b5909021139fe36001ae048dbdde8214afa20200eda0f64c068cac5d5529"},
]

[[package]]
name = "charset-normalizer"
version = "3.4.3"
requires_python = ">=3.7"
summary = "The Real First Universal Charset Detector. Open, modern and actively maintained alternative to Chardet."
groups = ["default"]
files = [
    {file = "charset_normalizer-3.4.3-cp312-cp312-macosx_10_13_universal2.whl", hash = "sha256:e28e334d3ff134e88989d90ba04b47d84382a828c061d0d1027b1b12a62b39b1"},
    {file = "charset_normalizer-3.4.3-cp312-cp312-manylinux2014_aarch64.manylinux_2_17_aarch64.manylinux_2_28_aarch64.whl", hash = "sha256:0cacf8f7297b0c4fcb74227692ca46b4a5852f8f4f24b3c766dd94a1075c4884"},
    {file = "charset_normalizer-3.4.3-cp312-cp312-manylinux2014_ppc64le.manylinux_2_17_ppc64le.manylinux_2_28_ppc64le.whl", hash = "sha256:c6fd51128a41297f5409deab284fecbe5305ebd7e5a1f959bee1c054622b7018"},
    {file = "charset_normalizer-3.4.3-cp312-cp312-manylinux2014_s390x.manylinux_2_17_s390x.manylinux_2_28_s390x.whl", hash = "sha256:3cfb2aad70f2c6debfbcb717f23b7eb55febc0bb23dcffc0f076009da10c6392"},
    {file = "charset_normalizer-3.4.3-cp312-cp312-manylinux2014_x86_64.manylinux_2_17_x86_64.manylinux_2_28_x86_64.whl", hash = "sha256:1606f4a55c0fd363d754049cdf400175ee96c992b1f8018b993941f221221c5f"},
    {file = "charset_normalizer-3.4.3-cp312-cp312-musllinux_1_2_aarch64.whl", hash = "sha256:027b776c26d38b7f15b26a5da1044f376455fb3766df8fc38563b4efbc515154"},
    {file = "charset_normalizer-3.4.3-cp312-cp312-musllinux_1_2_ppc64le.whl", hash = "sha256:42e5088973e56e31e4fa58eb6bd709e42fc03799c11c42929592889a2e54c491"},
    {file = "charset_normalizer-3.4.3-cp312-cp312-musllinux_1_2_s390x.whl", hash = "sha256:cc34f233c9e71701040d772aa7490318673aa7164a0efe3172b2981218c26d93"},
    {file = "charset_normalizer-3.4.3-cp312-cp312-musllinux_1_2_x86_64.whl", hash = "sha256:320e8e66157cc4e247d9ddca8e21f427efc7a04bbd0ac8a9faf56583fa543f9f"},
    {file = "charset_normalizer-3.4.3-cp312-cp312-win32.whl", hash = "sha256:fb6fecfd65564f208cbf0fba07f107fb661bcd1a7c389edbced3f7a493f70e37"},
    {file = "charset_normalizer-3.4.3-cp312-cp312-win_amd64.whl", hash = "sha256:86df271bf921c2ee3818f0522e9a5b8092ca2ad8b065ece5d7d9d0e9f4849bcc"},
    {file = "charset_normalizer-3.4.3-py3-none-any.whl", hash = "sha256:ce571ab16d890d23b5c278547ba694193a45011ff86a9162a71307ed9f86759a"},
    {file = "charset_normalizer-3.4.3.tar.gz", hash = "sha256:6fce4b8500244f6fcb71465d4a4930d132ba9ab8e71a7859e6a5d59851068d14"},
]

[[package]]
name = "click"
version = "8.3.0"
requires_python = ">=3.10"
summary = "Composable command line interface toolkit"
groups = ["default"]
marker = "sys_platform != \"emscripten\""
dependencies = [
    "colorama; platform_system == \"Windows\"",
]
files = [
    {file = "click-8.3.0-py3-none-any.whl", hash = "sha256:9b9f285302c6e3064f4330c05f05b81945b2a39544279343e6e7c5f27a9baddc"},
    {file = "click-8.3.0.tar.gz", hash = "sha256:e7b8232224eba16f4ebe410c25ced9f7875cb5f3263ffc93cc3e8da705e229c4"},
]

[[package]]
name = "colorama"
version = "0.4.6"
requires_python = "!=3.0.*,!=3.1.*,!=3.2.*,!=3.3.*,!=3.4.*,!=3.5.*,!=3.6.*,>=2.7"
summary = "Cross-platform colored terminal text."
groups = ["default"]
marker = "platform_system == \"Windows\" and sys_platform != \"emscripten\""
files = [
    {file = "colorama-0.4.6-py2.py3-none-any.whl", hash = "sha256:4f1d9991f5acc0ca119f9d443620b77f9d6b33703e51011c16baf57afb285fc6"},
    {file = "colorama-0.4.6.tar.gz", hash = "sha256:08695f5cb7ed6e0531a20572697297273c47b8cae5a63ffc6d6ed5c201be6e44"},
]

[[package]]
name = "cryptography"
version = "46.0.1"
requires_python = "!=3.9.0,!=3.9.1,>=3.8"
summary = "cryptography is a package which provides cryptographic recipes and primitives to Python developers."
groups = ["default"]
dependencies = [
    "cffi>=1.14; python_full_version == \"3.8.*\" and platform_python_implementation != \"PyPy\"",
    "cffi>=2.0.0; python_full_version >= \"3.9\" and platform_python_implementation != \"PyPy\"",
    "typing-extensions>=4.13.2; python_full_version < \"3.11\"",
]
files = [
    {file = "cryptography-46.0.1-cp311-abi3-macosx_10_9_universal2.whl", hash = "sha256:1cd6d50c1a8b79af1a6f703709d8973845f677c8e97b1268f5ff323d38ce8475"},
    {file = "cryptography-46.0.1-cp311-abi3-manylinux2014_aarch64.manylinux_2_17_aarch64.whl", hash = "sha256:0ff483716be32690c14636e54a1f6e2e1b7bf8e22ca50b989f88fa1b2d287080"},
    {file = "cryptography-46.0.1-cp311-abi3-manylinux2014_x86_64.manylinux_2_17_x86_64.whl", hash = "sha256:9873bf7c1f2a6330bdfe8621e7ce64b725784f9f0c3a6a55c3047af5849f920e"},
    {file = "cryptography-46.0.1-cp311-abi3-manylinux_2_28_aarch64.whl", hash = "sha256:0dfb7c88d4462a0cfdd0d87a3c245a7bc3feb59de101f6ff88194f740f72eda6"},
    {file = "cryptography-46.0.1-cp311-abi3-manylinux_2_28_armv7l.manylinux_2_31_armv7l.whl", hash = "sha256:e22801b61613ebdebf7deb18b507919e107547a1d39a3b57f5f855032dd7cfb8"},
    {file = "cryptography-46.0.1-cp311-abi3-manylinux_2_28_ppc64le.whl", hash = "sha256:757af4f6341ce7a1e47c326ca2a81f41d236070217e5fbbad61bbfe299d55d28"},
    {file = "cryptography-46.0.1-cp311-abi3-manylinux_2_28_x86_64.whl", hash = "sha256:f7a24ea78de345cfa7f6a8d3bde8b242c7fac27f2bd78fa23474ca38dfaeeab9"},
    {file = "cryptography-46.0.1-cp311-abi3-manylinux_2_34_aarch64.whl", hash = "sha256:9e8776dac9e660c22241b6587fae51a67b4b0147daa4d176b172c3ff768ad736"},
    {file = "cryptography-46.0.1-cp311-abi3-manylinux_2_34_ppc64le.whl", hash = "sha256:9f40642a140c0c8649987027867242b801486865277cbabc8c6059ddef16dc8b"},
    {file = "cryptography-46.0.1-cp311-abi3-manylinux_2_34_x86_64.whl", hash = "sha256:449ef2b321bec7d97ef2c944173275ebdab78f3abdd005400cc409e27cd159ab"},
    {file = "cryptography-46.0.1-cp311-abi3-musllinux_1_2_aarch64.whl", hash = "sha256:2dd339ba3345b908fa3141ddba4025568fa6fd398eabce3ef72a29ac2d73ad75"},
    {file = "cryptography-46.0.1-cp311-abi3-musllinux_1_2_x86_64.whl", hash = "sha256:7411c910fb2a412053cf33cfad0153ee20d27e256c6c3f14d7d7d1d9fec59fd5"},
    {file = "cryptography-46.0.1-cp311-abi3-win32.whl", hash = "sha256:cbb8e769d4cac884bb28e3ff620ef1001b75588a5c83c9c9f1fdc9afbe7f29b0"},
    {file = "cryptography-46.0.1-cp311-abi3-win_amd64.whl", hash = "sha256:92e8cfe8bd7dd86eac0a677499894862cd5cc2fd74de917daa881d00871ac8e7"},
    {file = "cryptography-46.0.1-cp311-abi3-win_arm64.whl", hash = "sha256:db5597a4c7353b2e5fb05a8e6cb74b56a4658a2b7bf3cb6b1821ae7e7fd6eaa0"},
    {file = "cryptography-46.0.1-cp38-abi3-macosx_10_9_universal2.whl", hash = "sha256:d84c40bdb8674c29fa192373498b6cb1e84f882889d21a471b45d1f868d8d44b"},
    {file = "cryptography-46.0.1-cp38-abi3-manylinux2014_aarch64.manylinux_2_17_aarch64.whl", hash = "sha256:9ed64e5083fa806709e74fc5ea067dfef9090e5b7a2320a49be3c9df3583a2d8"},
    {file = "cryptography-46.0.1-cp38-abi3-manylinux2014_x86_64.manylinux_2_17_x86_64.whl", hash = "sha256:341fb7a26bc9d6093c1b124b9f13acc283d2d51da440b98b55ab3f79f2522ead"},
    {file = "cryptography-46.0.1-cp38-abi3-manylinux_2_28_aarch64.whl", hash = "sha256:6ef1488967e729948d424d09c94753d0167ce59afba8d0f6c07a22b629c557b2"},
    {file = "cryptography-46.0.1-cp38-abi3-manylinux_2_28_armv7l.manylinux_2_31_armv7l.whl", hash = "sha256:7823bc7cdf0b747ecfb096d004cc41573c2f5c7e3a29861603a2871b43d3ef32"},
    {file = "cryptography-46.0.1-cp38-abi3-manylinux_2_28_ppc64le.whl", hash = "sha256:f736ab8036796f5a119ff8211deda416f8c15ce03776db704a7a4e17381cb2ef"},
    {file = "cryptography-46.0.1-cp38-abi3-manylinux_2_28_x86_64.whl", hash = "sha256:e46710a240a41d594953012213ea8ca398cd2448fbc5d0f1be8160b5511104a0"},
    {file = "cryptography-46.0.1-cp38-abi3-manylinux_2_34_aarch64.whl", hash = "sha256:84ef1f145de5aee82ea2447224dc23f065ff4cc5791bb3b506615957a6ba8128"},
    {file = "cryptography-46.0.1-cp38-abi3-manylinux_2_34_ppc64le.whl", hash = "sha256:9394c7d5a7565ac5f7d9ba38b2617448eba384d7b107b262d63890079fad77ca"},
    {file = "cryptography-46.0.1-cp38-abi3-manylinux_2_34_x86_64.whl", hash = "sha256:ed957044e368ed295257ae3d212b95456bd9756df490e1ac4538857f67531fcc"},
    {file = "cryptography-46.0.1-cp38-abi3-musllinux_1_2_aarch64.whl", hash = "sha256:f7de12fa0eee6234de9a9ce0ffcfa6ce97361db7a50b09b65c63ac58e5f22fc7"},
    {file = "cryptography-46.0.1-cp38-abi3-musllinux_1_2_x86_64.whl", hash = "sha256:7fab1187b6c6b2f11a326f33b036f7168f5b996aedd0c059f9738915e4e8f53a"},
    {file = "cryptography-46.0.1-cp38-abi3-win32.whl", hash = "sha256:45f790934ac1018adeba46a0f7289b2b8fe76ba774a88c7f1922213a56c98bc1"},
    {file = "cryptography-46.0.1-cp38-abi3-win_amd64.whl", hash = "sha256:7176a5ab56fac98d706921f6416a05e5aff7df0e4b91516f450f8627cda22af3"},
    {file = "cryptography-46.0.1-cp38-abi3-win_arm64.whl", hash = "sha256:efc9e51c3e595267ff84adf56e9b357db89ab2279d7e375ffcaf8f678606f3d9"},
    {file = "cryptography-46.0.1.tar.gz", hash = "sha256:ed570874e88f213437f5cf758f9ef26cbfc3f336d889b1e592ee11283bb8d1c7"},
]

[[package]]
name = "cyclopts"
version = "3.24.0"
requires_python = ">=3.9"
summary = "Intuitive, easy CLIs based on type hints."
groups = ["default"]
dependencies = [
    "attrs>=23.1.0",
    "docstring-parser>=0.15; python_version < \"4.0\"",
    "rich-rst<2.0.0,>=1.3.1",
    "rich>=13.6.0",
    "typing-extensions>=4.8.0; python_version < \"3.11\"",
]
files = [
    {file = "cyclopts-3.24.0-py3-none-any.whl", hash = "sha256:809d04cde9108617106091140c3964ee6fceb33cecdd537f7ffa360bde13ed71"},
    {file = "cyclopts-3.24.0.tar.gz", hash = "sha256:de6964a041dfb3c57bf043b41e68c43548227a17de1bad246e3a0bfc5c4b7417"},
]

[[package]]
name = "dnspython"
version = "2.8.0"
requires_python = ">=3.10"
summary = "DNS toolkit"
groups = ["default"]
files = [
    {file = "dnspython-2.8.0-py3-none-any.whl", hash = "sha256:01d9bbc4a2d76bf0db7c1f729812ded6d912bd318d3b1cf81d30c0f845dbf3af"},
    {file = "dnspython-2.8.0.tar.gz", hash = "sha256:181d3c6996452cb1189c4046c61599b84a5a86e099562ffde77d26984ff26d0f"},
]

[[package]]
name = "docstring-parser"
version = "0.17.0"
requires_python = ">=3.8"
summary = "Parse Python docstrings in reST, Google and Numpydoc format"
groups = ["default"]
marker = "python_version < \"4.0\""
files = [
    {file = "docstring_parser-0.17.0-py3-none-any.whl", hash = "sha256:cf2569abd23dce8099b300f9b4fa8191e9582dda731fd533daf54c4551658708"},
    {file = "docstring_parser-0.17.0.tar.gz", hash = "sha256:583de4a309722b3315439bb31d64ba3eebada841f2e2cee23b99df001434c912"},
]

[[package]]
name = "docutils"
version = "0.22.2"
requires_python = ">=3.9"
summary = "Docutils -- Python Documentation Utilities"
groups = ["default"]
files = [
    {file = "docutils-0.22.2-py3-none-any.whl", hash = "sha256:b0e98d679283fc3bb0ead8a5da7f501baa632654e7056e9c5846842213d674d8"},
    {file = "docutils-0.22.2.tar.gz", hash = "sha256:9fdb771707c8784c8f2728b67cb2c691305933d68137ef95a75db5f4dfbc213d"},
]

[[package]]
name = "email-validator"
version = "2.3.0"
requires_python = ">=3.8"
summary = "A robust email address syntax and deliverability validation library."
groups = ["default"]
dependencies = [
    "dnspython>=2.0.0",
    "idna>=2.0.0",
]
files = [
    {file = "email_validator-2.3.0-py3-none-any.whl", hash = "sha256:80f13f623413e6b197ae73bb10bf4eb0908faf509ad8362c5edeb0be7fd450b4"},
    {file = "email_validator-2.3.0.tar.gz", hash = "sha256:9fc05c37f2f6cf439ff414f8fc46d917929974a82244c20eb10231ba60c54426"},
]

[[package]]
name = "exceptiongroup"
version = "1.3.0"
requires_python = ">=3.7"
summary = "Backport of PEP 654 (exception groups)"
groups = ["default"]
dependencies = [
    "typing-extensions>=4.6.0; python_version < \"3.13\"",
]
files = [
    {file = "exceptiongroup-1.3.0-py3-none-any.whl", hash = "sha256:4d111e6e0c13d0644cad6ddaa7ed0261a0b36971f6d23e7ec9b4b9097da78a10"},
    {file = "exceptiongroup-1.3.0.tar.gz", hash = "sha256:b241f5885f560bc56a59ee63ca4c6a8bfa46ae4ad651af316d4e81817bb9fd88"},
]

[[package]]
name = "fastmcp"
version = "2.12.3"
requires_python = ">=3.10"
summary = "The fast, Pythonic way to build MCP servers and clients."
groups = ["default"]
dependencies = [
    "authlib>=1.5.2",
    "cyclopts>=3.0.0",
    "exceptiongroup>=1.2.2",
    "httpx>=0.28.1",
    "mcp<2.0.0,>=1.12.4",
    "openapi-core>=0.19.5",
    "openapi-pydantic>=0.5.1",
    "pydantic[email]>=2.11.7",
    "pyperclip>=1.9.0",
    "python-dotenv>=1.1.0",
    "rich>=13.9.4",
]
files = [
    {file = "fastmcp-2.12.3-py3-none-any.whl", hash = "sha256:aee50872923a9cba731861fc0120e7dbe4642a2685ba251b2b202b82fb6c25a9"},
    {file = "fastmcp-2.12.3.tar.gz", hash = "sha256:541dd569d5b6c083140b04d997ba3dc47f7c10695cee700d0a733ce63b20bb65"},
]

[[package]]
name = "h11"
version = "0.16.0"
requires_python = ">=3.8"
summary = "A pure-Python, bring-your-own-I/O implementation of HTTP/1.1"
groups = ["default"]
files = [
    {file = "h11-0.16.0-py3-none-any.whl", hash = "sha256:63cf8bbe7522de3bf65932fda1d9c2772064ffb3dae62d55932da54b31cb6c86"},
    {file = "h11-0.16.0.tar.gz", hash = "sha256:4e35b956cf45792e4caa5885e69fba00bdbc6ffafbfa020300e549b208ee5ff1"},
]

[[package]]
name = "httpcore"
version = "1.0.9"
requires_python = ">=3.8"
summary = "A minimal low-level HTTP client."
groups = ["default"]
dependencies = [
    "certifi",
    "h11>=0.16",
]
files = [
    {file = "httpcore-1.0.9-py3-none-any.whl", hash = "sha256:2d400746a40668fc9dec9810239072b40b4484b640a8c38fd654a024c7a1bf55"},
    {file = "httpcore-1.0.9.tar.gz", hash = "sha256:6e34463af53fd2ab5d807f399a9b45ea31c3dfa2276f15a2c3f00afff6e176e8"},
]

[[package]]
name = "httpx"
version = "0.28.1"
requires_python = ">=3.8"
summary = "The next generation HTTP client."
groups = ["default"]
dependencies = [
    "anyio",
    "certifi",
    "httpcore==1.*",
    "idna",
]
files = [
    {file = "httpx-0.28.1-py3-none-any.whl", hash = "sha256:d909fcccc110f8c7faf814ca82a9a4d816bc5a6dbfea25d6591d6985b8ba59ad"},
    {file = "httpx-0.28.1.tar.gz", hash = "sha256:75e98c5f16b0f35b567856f597f06ff2270a374470a5c2392242528e3e3e42fc"},
]

[[package]]
name = "httpx-sse"
version = "0.4.1"
requires_python = ">=3.9"
summary = "Consume Server-Sent Event (SSE) messages with HTTPX."
groups = ["default"]
files = [
    {file = "httpx_sse-0.4.1-py3-none-any.whl", hash = "sha256:cba42174344c3a5b06f255ce65b350880f962d99ead85e776f23c6618a377a37"},
    {file = "httpx_sse-0.4.1.tar.gz", hash = "sha256:8f44d34414bc7b21bf3602713005c5df4917884f76072479b21f68befa4ea26e"},
]

[[package]]
name = "idna"
version = "3.10"
requires_python = ">=3.6"
summary = "Internationalized Domain Names in Applications (IDNA)"
groups = ["default"]
files = [
    {file = "idna-3.10-py3-none-any.whl", hash = "sha256:946d195a0d259cbba61165e88e65941f16e9b36ea6ddb97f00452bae8b1287d3"},
    {file = "idna-3.10.tar.gz", hash = "sha256:12f65c9b470abda6dc35cf8e63cc574b1c52b11df2c86030af0ac09b01b13ea9"},
]

[[package]]
name = "isodate"
version = "0.7.2"
requires_python = ">=3.7"
summary = "An ISO 8601 date/time/duration parser and formatter"
groups = ["default"]
files = [
    {file = "isodate-0.7.2-py3-none-any.whl", hash = "sha256:28009937d8031054830160fce6d409ed342816b543597cece116d966c6d99e15"},
    {file = "isodate-0.7.2.tar.gz", hash = "sha256:4cd1aa0f43ca76f4a6c6c0292a85f40b35ec2e43e315b59f06e6d32171a953e6"},
]

[[package]]
name = "jsonschema"
version = "4.25.1"
requires_python = ">=3.9"
summary = "An implementation of JSON Schema validation for Python"
groups = ["default"]
dependencies = [
    "attrs>=22.2.0",
    "jsonschema-specifications>=2023.03.6",
    "referencing>=0.28.4",
    "rpds-py>=0.7.1",
]
files = [
    {file = "jsonschema-4.25.1-py3-none-any.whl", hash = "sha256:3fba0169e345c7175110351d456342c364814cfcf3b964ba4587f22915230a63"},
    {file = "jsonschema-4.25.1.tar.gz", hash = "sha256:e4a9655ce0da0c0b67a085847e00a3a51449e1157f4f75e9fb5aa545e122eb85"},
]

[[package]]
name = "jsonschema-path"
version = "0.3.4"
requires_python = "<4.0.0,>=3.8.0"
summary = "JSONSchema Spec with object-oriented paths"
groups = ["default"]
dependencies = [
    "PyYAML>=5.1",
    "pathable<0.5.0,>=0.4.1",
    "referencing<0.37.0",
    "requests<3.0.0,>=2.31.0",
]
files = [
    {file = "jsonschema_path-0.3.4-py3-none-any.whl", hash = "sha256:f502191fdc2b22050f9a81c9237be9d27145b9001c55842bece5e94e382e52f8"},
    {file = "jsonschema_path-0.3.4.tar.gz", hash = "sha256:8365356039f16cc65fddffafda5f58766e34bebab7d6d105616ab52bc4297001"},
]

[[package]]
name = "jsonschema-specifications"
version = "2025.9.1"
requires_python = ">=3.9"
summary = "The JSON Schema meta-schemas and vocabularies, exposed as a Registry"
groups = ["default"]
dependencies = [
    "referencing>=0.31.0",
]
files = [
    {file = "jsonschema_specifications-2025.9.1-py3-none-any.whl", hash = "sha256:98802fee3a11ee76ecaca44429fda8a41bff98b00a0f2838151b113f210cc6fe"},
    {file = "jsonschema_specifications-2025.9.1.tar.gz", hash = "sha256:b540987f239e745613c7a9176f3edb72b832a4ac465cf02712288397832b5e8d"},
]

[[package]]
name = "lazy-object-proxy"
version = "1.12.0"
requires_python = ">=3.9"
summary = "A fast and thorough lazy object proxy."
groups = ["default"]
files = [
    {file = "lazy_object_proxy-1.12.0-cp312-cp312-macosx_11_0_arm64.whl", hash = "sha256:8ee0d6027b760a11cc18281e702c0309dd92da458a74b4c15025d7fc490deede"},
    {file = "lazy_object_proxy-1.12.0-cp312-cp312-manylinux1_x86_64.manylinux_2_28_x86_64.manylinux_2_5_x86_64.whl", hash = "sha256:4ab2c584e3cc8be0dfca422e05ad30a9abe3555ce63e9ab7a559f62f8dbc6ff9"},
    {file = "lazy_object_proxy-1.12.0-cp312-cp312-manylinux2014_aarch64.manylinux_2_17_aarch64.manylinux_2_28_aarch64.whl", hash = "sha256:14e348185adbd03ec17d051e169ec45686dcd840a3779c9d4c10aabe2ca6e1c0"},
    {file = "lazy_object_proxy-1.12.0-cp312-cp312-musllinux_1_2_aarch64.whl", hash = "sha256:c4fcbe74fb85df8ba7825fa05eddca764138da752904b378f0ae5ab33a36c308"},
    {file = "lazy_object_proxy-1.12.0-cp312-cp312-musllinux_1_2_x86_64.whl", hash = "sha256:563d2ec8e4d4b68ee7848c5ab4d6057a6d703cb7963b342968bb8758dda33a23"},
    {file = "lazy_object_proxy-1.12.0-cp312-cp312-win_amd64.whl", hash = "sha256:53c7fd99eb156bbb82cbc5d5188891d8fdd805ba6c1e3b92b90092da2a837073"},
    {file = "lazy_object_proxy-1.12.0.tar.gz", hash = "sha256:1f5a462d92fd0cfb82f1fab28b51bfb209fabbe6aabf7f0d51472c0c124c0c61"},
]

[[package]]
name = "markdown-it-py"
version = "4.0.0"
requires_python = ">=3.10"
summary = "Python port of markdown-it. Markdown parsing, done right!"
groups = ["default"]
dependencies = [
    "mdurl~=0.1",
]
files = [
    {file = "markdown_it_py-4.0.0-py3-none-any.whl", hash = "sha256:87327c59b172c5011896038353a81343b6754500a08cd7a4973bb48c6d578147"},
    {file = "markdown_it_py-4.0.0.tar.gz", hash = "sha256:cb0a2b4aa34f932c007117b194e945bd74e0ec24133ceb5bac59009cda1cb9f3"},
]

[[package]]
name = "markupsafe"
version = "3.0.2"
requires_python = ">=3.9"
summary = "Safely add untrusted strings to HTML/XML markup."
groups = ["default"]
files = [
    {file = "MarkupSafe-3.0.2-cp312-cp312-macosx_10_13_universal2.whl", hash = "sha256:9778bd8ab0a994ebf6f84c2b949e65736d5575320a17ae8984a77fab08db94cf"},
    {file = "MarkupSafe-3.0.2-cp312-cp312-macosx_11_0_arm64.whl", hash = "sha256:846ade7b71e3536c4e56b386c2a47adf5741d2d8b94ec9dc3e92e5e1ee1e2225"},
    {file = "MarkupSafe-3.0.2-cp312-cp312-manylinux_2_17_aarch64.manylinux2014_aarch64.whl", hash = "sha256:1c99d261bd2d5f6b59325c92c73df481e05e57f19837bdca8413b9eac4bd8028"},
    {file = "MarkupSafe-3.0.2-cp312-cp312-manylinux_2_17_x86_64.manylinux2014_x86_64.whl", hash = "sha256:e17c96c14e19278594aa4841ec148115f9c7615a47382ecb6b82bd8fea3ab0c8"},
    {file = "MarkupSafe-3.0.2-cp312-cp312-manylinux_2_5_i686.manylinux1_i686.manylinux_2_17_i686.manylinux2014_i686.whl", hash = "sha256:88416bd1e65dcea10bc7569faacb2c20ce071dd1f87539ca2ab364bf6231393c"},
    {file = "MarkupSafe-3.0.2-cp312-cp312-musllinux_1_2_aarch64.whl", hash = "sha256:2181e67807fc2fa785d0592dc2d6206c019b9502410671cc905d132a92866557"},
    {file = "MarkupSafe-3.0.2-cp312-cp312-musllinux_1_2_i686.whl", hash = "sha256:52305740fe773d09cffb16f8ed0427942901f00adedac82ec8b67752f58a1b22"},
    {file = "MarkupSafe-3.0.2-cp312-cp312-musllinux_1_2_x86_64.whl", hash = "sha256:ad10d3ded218f1039f11a75f8091880239651b52e9bb592ca27de44eed242a48"},
    {file = "MarkupSafe-3.0.2-cp312-cp312-win32.whl", hash = "sha256:0f4ca02bea9a23221c0182836703cbf8930c5e9454bacce27e767509fa286a30"},
    {file = "MarkupSafe-3.0.2-cp312-cp312-win_amd64.whl", hash = "sha256:8e06879fc22a25ca47312fbe7c8264eb0b662f6db27cb2d3bbbc74b1df4b9b87"},
    {file = "markupsafe-3.0.2.tar.gz", hash = "sha256:ee55d3edf80167e48ea11a923c7386f4669df67d7994554387f84e7d8b0a2bf0"},
]

[[package]]
name = "mcp"
version = "1.14.1"
requires_python = ">=3.10"
summary = "Model Context Protocol SDK"
groups = ["default"]
dependencies = [
    "anyio>=4.5",
    "httpx-sse>=0.4",
    "httpx>=0.27.1",
    "jsonschema>=4.20.0",
    "pydantic-settings>=2.5.2",
    "pydantic<3.0.0,>=2.11.0",
    "python-multipart>=0.0.9",
    "pywin32>=310; sys_platform == \"win32\"",
    "sse-starlette>=1.6.1",
    "starlette>=0.27",
    "uvicorn>=0.31.1; sys_platform != \"emscripten\"",
]
files = [
    {file = "mcp-1.14.1-py3-none-any.whl", hash = "sha256:3b7a479e8e5cbf5361bdc1da8bc6d500d795dc3aff44b44077a363a7f7e945a4"},
    {file = "mcp-1.14.1.tar.gz", hash = "sha256:31c4406182ba15e8f30a513042719c3f0a38c615e76188ee5a736aaa89e20134"},
]

[[package]]
name = "mdurl"
version = "0.1.2"
requires_python = ">=3.7"
summary = "Markdown URL utilities"
groups = ["default"]
files = [
    {file = "mdurl-0.1.2-py3-none-any.whl", hash = "sha256:84008a41e51615a49fc9966191ff91509e3c40b939176e643fd50a5c2196b8f8"},
    {file = "mdurl-0.1.2.tar.gz", hash = "sha256:bb413d29f5eea38f31dd4754dd7377d4465116fb207585f97bf925588687c1ba"},
]

[[package]]
name = "more-itertools"
version = "10.8.0"
requires_python = ">=3.9"
summary = "More routines for operating on iterables, beyond itertools"
groups = ["default"]
files = [
    {file = "more_itertools-10.8.0-py3-none-any.whl", hash = "sha256:52d4362373dcf7c52546bc4af9a86ee7c4579df9a8dc268be0a2f949d376cc9b"},
    {file = "more_itertools-10.8.0.tar.gz", hash = "sha256:f638ddf8a1a0d134181275fb5d58b086ead7c6a72429ad725c67503f13ba30bd"},
]

[[package]]
name = "openapi-core"
version = "0.19.5"
requires_python = "<4.0.0,>=3.8.0"
summary = "client-side and server-side support for the OpenAPI Specification v3"
groups = ["default"]
dependencies = [
    "isodate",
    "jsonschema-path<0.4.0,>=0.3.1",
    "jsonschema<5.0.0,>=4.18.0",
    "more-itertools",
    "openapi-schema-validator<0.7.0,>=0.6.0",
    "openapi-spec-validator<0.8.0,>=0.7.1",
    "parse",
    "typing-extensions<5.0.0,>=4.8.0",
    "werkzeug<3.1.2",
]
files = [
    {file = "openapi_core-0.19.5-py3-none-any.whl", hash = "sha256:ef7210e83a59394f46ce282639d8d26ad6fc8094aa904c9c16eb1bac8908911f"},
    {file = "openapi_core-0.19.5.tar.gz", hash = "sha256:421e753da56c391704454e66afe4803a290108590ac8fa6f4a4487f4ec11f2d3"},
]

[[package]]
name = "openapi-pydantic"
version = "0.5.1"
requires_python = "<4.0,>=3.8"
summary = "Pydantic OpenAPI schema implementation"
groups = ["default"]
dependencies = [
    "pydantic>=1.8",
]
files = [
    {file = "openapi_pydantic-0.5.1-py3-none-any.whl", hash = "sha256:a3a09ef4586f5bd760a8df7f43028b60cafb6d9f61de2acba9574766255ab146"},
    {file = "openapi_pydantic-0.5.1.tar.gz", hash = "sha256:ff6835af6bde7a459fb93eb93bb92b8749b754fc6e51b2f1590a19dc3005ee0d"},
]

[[package]]
name = "openapi-schema-validator"
version = "0.6.3"
requires_python = "<4.0.0,>=3.8.0"
summary = "OpenAPI schema validation for Python"
groups = ["default"]
dependencies = [
    "jsonschema-specifications>=2023.5.2",
    "jsonschema<5.0.0,>=4.19.1",
    "rfc3339-validator",
]
files = [
    {file = "openapi_schema_validator-0.6.3-py3-none-any.whl", hash = "sha256:f3b9870f4e556b5a62a1c39da72a6b4b16f3ad9c73dc80084b1b11e74ba148a3"},
    {file = "openapi_schema_validator-0.6.3.tar.gz", hash = "sha256:f37bace4fc2a5d96692f4f8b31dc0f8d7400fd04f3a937798eaf880d425de6ee"},
]

[[package]]
name = "openapi-spec-validator"
version = "0.7.2"
requires_python = "<4.0.0,>=3.8.0"
summary = "OpenAPI 2.0 (aka Swagger) and OpenAPI 3 spec validator"
groups = ["default"]
dependencies = [
    "importlib-resources<7.0,>=5.8; python_version < \"3.9\"",
    "jsonschema-path<0.4.0,>=0.3.1",
    "jsonschema<5.0.0,>=4.18.0",
    "lazy-object-proxy<2.0.0,>=1.7.1",
    "openapi-schema-validator<0.7.0,>=0.6.0",
]
files = [
    {file = "openapi_spec_validator-0.7.2-py3-none-any.whl", hash = "sha256:4bbdc0894ec85f1d1bea1d6d9c8b2c3c8d7ccaa13577ef40da9c006c9fd0eb60"},
    {file = "openapi_spec_validator-0.7.2.tar.gz", hash = "sha256:cc029309b5c5dbc7859df0372d55e9d1ff43e96d678b9ba087f7c56fc586f734"},
]

[[package]]
name = "parse"
version = "1.20.2"
summary = "parse() is the opposite of format()"
groups = ["default"]
files = [
    {file = "parse-1.20.2-py2.py3-none-any.whl", hash = "sha256:967095588cb802add9177d0c0b6133b5ba33b1ea9007ca800e526f42a85af558"},
    {file = "parse-1.20.2.tar.gz", hash = "sha256:b41d604d16503c79d81af5165155c0b20f6c8d6c559efa66b4b695c3e5a0a0ce"},
]

[[package]]
name = "pathable"
version = "0.4.4"
requires_python = "<4.0.0,>=3.7.0"
summary = "Object-oriented paths"
groups = ["default"]
files = [
    {file = "pathable-0.4.4-py3-none-any.whl", hash = "sha256:5ae9e94793b6ef5a4cbe0a7ce9dbbefc1eec38df253763fd0aeeacf2762dbbc2"},
    {file = "pathable-0.4.4.tar.gz", hash = "sha256:6905a3cd17804edfac7875b5f6c9142a218c7caef78693c2dbbbfbac186d88b2"},
]

[[package]]
name = "pycparser"
version = "2.23"
requires_python = ">=3.8"
summary = "C parser in Python"
groups = ["default"]
marker = "python_full_version >= \"3.9\" and platform_python_implementation != \"PyPy\" and implementation_name != \"PyPy\""
files = [
    {file = "pycparser-2.23-py3-none-any.whl", hash = "sha256:e5c6e8d3fbad53479cab09ac03729e0a9faf2bee3db8208a550daf5af81a5934"},
    {file = "pycparser-2.23.tar.gz", hash = "sha256:78816d4f24add8f10a06d6f05b4d424ad9e96cfebf68a4ddc99c65c0720d00c2"},
]

[[package]]
name = "pydantic"
version = "2.11.9"
requires_python = ">=3.9"
summary = "Data validation using Python type hints"
groups = ["default"]
dependencies = [
    "annotated-types>=0.6.0",
    "pydantic-core==2.33.2",
    "typing-extensions>=4.12.2",
    "typing-inspection>=0.4.0",
]
files = [
    {file = "pydantic-2.11.9-py3-none-any.whl", hash = "sha256:c42dd626f5cfc1c6950ce6205ea58c93efa406da65f479dcb4029d5934857da2"},
    {file = "pydantic-2.11.9.tar.gz", hash = "sha256:6b8ffda597a14812a7975c90b82a8a2e777d9257aba3453f973acd3c032a18e2"},
]

[[package]]
name = "pydantic-core"
version = "2.33.2"
requires_python = ">=3.9"
summary = "Core functionality for Pydantic validation and serialization"
groups = ["default"]
dependencies = [
    "typing-extensions!=4.7.0,>=4.6.0",
]
files = [
    {file = "pydantic_core-2.33.2-cp312-cp312-macosx_10_12_x86_64.whl", hash = "sha256:a7ec89dc587667f22b6a0b6579c249fca9026ce7c333fc142ba42411fa243cdc"},
    {file = "pydantic_core-2.33.2-cp312-cp312-macosx_11_0_arm64.whl", hash = "sha256:3c6db6e52c6d70aa0d00d45cdb9b40f0433b96380071ea80b09277dba021ddf7"},
    {file = "pydantic_core-2.33.2-cp312-cp312-manylinux_2_17_aarch64.manylinux2014_aarch64.whl", hash = "sha256:4e61206137cbc65e6d5256e1166f88331d3b6238e082d9f74613b9b765fb9025"},
    {file = "pydantic_core-2.33.2-cp312-cp312-manylinux_2_17_armv7l.manylinux2014_armv7l.whl", hash = "sha256:eb8c529b2819c37140eb51b914153063d27ed88e3bdc31b71198a198e921e011"},
    {file = "pydantic_core-2.33.2-cp312-cp312-manylinux_2_17_ppc64le.manylinux2014_ppc64le.whl", hash = "sha256:c52b02ad8b4e2cf14ca7b3d918f3eb0ee91e63b3167c32591e57c4317e134f8f"},
    {file = "pydantic_core-2.33.2-cp312-cp312-manylinux_2_17_s390x.manylinux2014_s390x.whl", hash = "sha256:96081f1605125ba0855dfda83f6f3df5ec90c61195421ba72223de35ccfb2f88"},
    {file = "pydantic_core-2.33.2-cp312-cp312-manylinux_2_17_x86_64.manylinux2014_x86_64.whl", hash = "sha256:8f57a69461af2a5fa6e6bbd7a5f60d3b7e6cebb687f55106933188e79ad155c1"},
    {file = "pydantic_core-2.33.2-cp312-cp312-manylinux_2_5_i686.manylinux1_i686.whl", hash = "sha256:572c7e6c8bb4774d2ac88929e3d1f12bc45714ae5ee6d9a788a9fb35e60bb04b"},
    {file = "pydantic_core-2.33.2-cp312-cp312-musllinux_1_1_aarch64.whl", hash = "sha256:db4b41f9bd95fbe5acd76d89920336ba96f03e149097365afe1cb092fceb89a1"},
    {file = "pydantic_core-2.33.2-cp312-cp312-musllinux_1_1_armv7l.whl", hash = "sha256:fa854f5cf7e33842a892e5c73f45327760bc7bc516339fda888c75ae60edaeb6"},
    {file = "pydantic_core-2.33.2-cp312-cp312-musllinux_1_1_x86_64.whl", hash = "sha256:5f483cfb75ff703095c59e365360cb73e00185e01aaea067cd19acffd2ab20ea"},
    {file = "pydantic_core-2.33.2-cp312-cp312-win32.whl", hash = "sha256:9cb1da0f5a471435a7bc7e439b8a728e8b61e59784b2af70d7c169f8dd8ae290"},
    {file = "pydantic_core-2.33.2-cp312-cp312-win_amd64.whl", hash = "sha256:f941635f2a3d96b2973e867144fde513665c87f13fe0e193c158ac51bfaaa7b2"},
    {file = "pydantic_core-2.33.2-cp312-cp312-win_arm64.whl", hash = "sha256:cca3868ddfaccfbc4bfb1d608e2ccaaebe0ae628e1416aeb9c4d88c001bb45ab"},
    {file = "pydantic_core-2.33.2.tar.gz", hash = "sha256:7cb8bc3605c29176e1b105350d2e6474142d7c1bd1d9327c4a9bdb46bf827acc"},
]

[[package]]
name = "pydantic-settings"
version = "2.10.1"
requires_python = ">=3.9"
summary = "Settings management using Pydantic"
groups = ["default"]
dependencies = [
    "pydantic>=2.7.0",
    "python-dotenv>=0.21.0",
    "typing-inspection>=0.4.0",
]
files = [
    {file = "pydantic_settings-2.10.1-py3-none-any.whl", hash = "sha256:a60952460b99cf661dc25c29c0ef171721f98bfcb52ef8d9ea4c943d7c8cc796"},
    {file = "pydantic_settings-2.10.1.tar.gz", hash = "sha256:06f0062169818d0f5524420a360d632d5857b83cffd4d42fe29597807a1614ee"},
]

[[package]]
name = "pydantic"
version = "2.11.9"
extras = ["email"]
requires_python = ">=3.9"
summary = "Data validation using Python type hints"
groups = ["default"]
dependencies = [
    "email-validator>=2.0.0",
    "pydantic==2.11.9",
]
files = [
    {file = "pydantic-2.11.9-py3-none-any.whl", hash = "sha256:c42dd626f5cfc1c6950ce6205ea58c93efa406da65f479dcb4029d5934857da2"},
    {file = "pydantic-2.11.9.tar.gz", hash = "sha256:6b8ffda597a14812a7975c90b82a8a2e777d9257aba3453f973acd3c032a18e2"},
]

[[package]]
name = "pygments"
version = "2.19.2"
requires_python = ">=3.8"
summary = "Pygments is a syntax highlighting package written in Python."
groups = ["default"]
files = [
    {file = "pygments-2.19.2-py3-none-any.whl", hash = "sha256:86540386c03d588bb81d44bc3928634ff26449851e99741617ecb9037ee5ec0b"},
    {file = "pygments-2.19.2.tar.gz", hash = "sha256:636cb2477cec7f8952536970bc533bc43743542f70392ae026374600add5b887"},
]

[[package]]
name = "pyperclip"
version = "1.10.0"
summary = "A cross-platform clipboard module for Python. (Only handles plain text for now.)"
groups = ["default"]
files = [
    {file = "pyperclip-1.10.0-py3-none-any.whl", hash = "sha256:596fbe55dc59263bff26e61d2afbe10223e2fccb5210c9c96a28d6887cfcc7ec"},
    {file = "pyperclip-1.10.0.tar.gz", hash = "sha256:180c8346b1186921c75dfd14d9048a6b5d46bfc499778811952c6dd6eb1ca6be"},
]

[[package]]
name = "python-dotenv"
version = "1.1.1"
requires_python = ">=3.9"
summary = "Read key-value pairs from a .env file and set them as environment variables"
groups = ["default"]
files = [
    {file = "python_dotenv-1.1.1-py3-none-any.whl", hash = "sha256:31f23644fe2602f88ff55e1f5c79ba497e01224ee7737937930c448e4d0e24dc"},
    {file = "python_dotenv-1.1.1.tar.gz", hash = "sha256:a8a6399716257f45be6a007360200409fce5cda2661e3dec71d23dc15f6189ab"},
]

[[package]]
name = "python-multipart"
version = "0.0.20"
requires_python = ">=3.8"
summary = "A streaming multipart parser for Python"
groups = ["default"]
files = [
    {file = "python_multipart-0.0.20-py3-none-any.whl", hash = "sha256:8a62d3a8335e06589fe01f2a3e178cdcc632f3fbe0d492ad9ee0ec35aab1f104"},
    {file = "python_multipart-0.0.20.tar.gz", hash = "sha256:8dd0cab45b8e23064ae09147625994d090fa46f5b0d1e13af944c331a7fa9d13"},
]

[[package]]
name = "pywin32"
version = "311"
summary = "Python for Window Extensions"
groups = ["default"]
marker = "sys_platform == \"win32\""
files = [
    {file = "pywin32-311-cp312-cp312-win32.whl", hash = "sha256:750ec6e621af2b948540032557b10a2d43b0cee2ae9758c54154d711cc852d31"},
    {file = "pywin32-311-cp312-cp312-win_amd64.whl", hash = "sha256:b8c095edad5c211ff31c05223658e71bf7116daa0ecf3ad85f3201ea3190d067"},
    {file = "pywin32-311-cp312-cp312-win_arm64.whl", hash = "sha256:e286f46a9a39c4a18b319c28f59b61de793654af2f395c102b4f819e584b5852"},
]

[[package]]
name = "pyyaml"
version = "6.0.2"
requires_python = ">=3.8"
summary = "YAML parser and emitter for Python"
groups = ["default"]
files = [
    {file = "PyYAML-6.0.2-cp312-cp312-macosx_10_9_x86_64.whl", hash = "sha256:c70c95198c015b85feafc136515252a261a84561b7b1d51e3384e0655ddf25ab"},
    {file = "PyYAML-6.0.2-cp312-cp312-macosx_11_0_arm64.whl", hash = "sha256:ce826d6ef20b1bc864f0a68340c8b3287705cae2f8b4b1d932177dcc76721725"},
    {file = "PyYAML-6.0.2-cp312-cp312-manylinux_2_17_aarch64.manylinux2014_aarch64.whl", hash = "sha256:1f71ea527786de97d1a0cc0eacd1defc0985dcf6b3f17bb77dcfc8c34bec4dc5"},
    {file = "PyYAML-6.0.2-cp312-cp312-manylinux_2_17_s390x.manylinux2014_s390x.whl", hash = "sha256:9b22676e8097e9e22e36d6b7bda33190d0d400f345f23d4065d48f4ca7ae0425"},
    {file = "PyYAML-6.0.2-cp312-cp312-manylinux_2_17_x86_64.manylinux2014_x86_64.whl", hash = "sha256:80bab7bfc629882493af4aa31a4cfa43a4c57c83813253626916b8c7ada83476"},
    {file = "PyYAML-6.0.2-cp312-cp312-musllinux_1_1_aarch64.whl", hash = "sha256:0833f8694549e586547b576dcfaba4a6b55b9e96098b36cdc7ebefe667dfed48"},
    {file = "PyYAML-6.0.2-cp312-cp312-musllinux_1_1_x86_64.whl", hash = "sha256:8b9c7197f7cb2738065c481a0461e50ad02f18c78cd75775628afb4d7137fb3b"},
    {file = "PyYAML-6.0.2-cp312-cp312-win32.whl", hash = "sha256:ef6107725bd54b262d6dedcc2af448a266975032bc85ef0172c5f059da6325b4"},
    {file = "PyYAML-6.0.2-cp312-cp312-win_amd64.whl", hash = "sha256:7e7401d0de89a9a855c839bc697c079a4af81cf878373abd7dc625847d25cbd8"},
    {file = "pyyaml-6.0.2.tar.gz", hash = "sha256:d584d9ec91ad65861cc08d42e834324ef890a082e591037abe114850ff7bbc3e"},
]

[[package]]
name = "referencing"
version = "0.36.2"
requires_python = ">=3.9"
summary = "JSON Referencing + Python"
groups = ["default"]
dependencies = [
    "attrs>=22.2.0",
    "rpds-py>=0.7.0",
    "typing-extensions>=4.4.0; python_version < \"3.13\"",
]
files = [
    {file = "referencing-0.36.2-py3-none-any.whl", hash = "sha256:e8699adbbf8b5c7de96d8ffa0eb5c158b3beafce084968e2ea8bb08c6794dcd0"},
    {file = "referencing-0.36.2.tar.gz", hash = "sha256:df2e89862cd09deabbdba16944cc3f10feb6b3e6f18e902f7cc25609a34775aa"},
]

[[package]]
name = "requests"
version = "2.32.5"
requires_python = ">=3.9"
summary = "Python HTTP for Humans."
groups = ["default"]
dependencies = [
    "certifi>=2017.4.17",
    "charset-normalizer<4,>=2",
    "idna<4,>=2.5",
    "urllib3<3,>=1.21.1",
]
files = [
    {file = "requests-2.32.5-py3-none-any.whl", hash = "sha256:2462f94637a34fd532264295e186976db0f5d453d1cdd31473c85a6a161affb6"},
    {file = "requests-2.32.5.tar.gz", hash = "sha256:dbba0bac56e100853db0ea71b82b4dfd5fe2bf6d3754a8893c3af500cec7d7cf"},
]

[[package]]
name = "rfc3339-validator"
version = "0.1.4"
requires_python = ">=2.7, !=3.0.*, !=3.1.*, !=3.2.*, !=3.3.*, !=3.4.*"
summary = "A pure python RFC3339 validator"
groups = ["default"]
dependencies = [
    "six",
]
files = [
    {file = "rfc3339_validator-0.1.4-py2.py3-none-any.whl", hash = "sha256:24f6ec1eda14ef823da9e36ec7113124b39c04d50a4d3d3a3c2859577e7791fa"},
    {file = "rfc3339_validator-0.1.4.tar.gz", hash = "sha256:138a2abdf93304ad60530167e51d2dfb9549521a836871b88d7f4695d0022f6b"},
]

[[package]]
name = "rich"
version = "14.1.0"
requires_python = ">=3.8.0"
summary = "Render rich text, tables, progress bars, syntax highlighting, markdown and more to the terminal"
groups = ["default"]
dependencies = [
    "markdown-it-py>=2.2.0",
    "pygments<3.0.0,>=2.13.0",
]
files = [
    {file = "rich-14.1.0-py3-none-any.whl", hash = "sha256:536f5f1785986d6dbdea3c75205c473f970777b4a0d6c6dd1b696aa05a3fa04f"},
    {file = "rich-14.1.0.tar.gz", hash = "sha256:e497a48b844b0320d45007cdebfeaeed8db2a4f4bcf49f15e455cfc4af11eaa8"},
]

[[package]]
name = "rich-rst"
version = "1.3.1"
requires_python = ">=3.6"
summary = "A beautiful reStructuredText renderer for rich"
groups = ["default"]
dependencies = [
    "docutils",
    "rich>=12.0.0",
]
files = [
    {file = "rich_rst-1.3.1-py3-none-any.whl", hash = "sha256:498a74e3896507ab04492d326e794c3ef76e7cda078703aa592d1853d91098c1"},
    {file = "rich_rst-1.3.1.tar.gz", hash = "sha256:fad46e3ba42785ea8c1785e2ceaa56e0ffa32dbe5410dec432f37e4107c4f383"},
]

[[package]]
name = "rpds-py"
version = "0.27.1"
requires_python = ">=3.9"
summary = "Python bindings to Rust's persistent data structures (rpds)"
groups = ["default"]
files = [
    {file = "rpds_py-0.27.1-cp312-cp312-macosx_10_12_x86_64.whl", hash = "sha256:ae2775c1973e3c30316892737b91f9283f9908e3cc7625b9331271eaaed7dc90"},
    {file = "rpds_py-0.27.1-cp312-cp312-macosx_11_0_arm64.whl", hash = "sha256:2643400120f55c8a96f7c9d858f7be0c88d383cd4653ae2cf0d0c88f668073e5"},
    {file = "rpds_py-0.27.1-cp312-cp312-manylinux_2_17_aarch64.manylinux2014_aarch64.whl", hash = "sha256:16323f674c089b0360674a4abd28d5042947d54ba620f72514d69be4ff64845e"},
    {file = "rpds_py-0.27.1-cp312-cp312-manylinux_2_17_armv7l.manylinux2014_armv7l.whl", hash = "sha256:9a1f4814b65eacac94a00fc9a526e3fdafd78e439469644032032d0d63de4881"},
    {file = "rpds_py-0.27.1-cp312-cp312-manylinux_2_17_ppc64le.manylinux2014_ppc64le.whl", hash = "sha256:7ba32c16b064267b22f1850a34051121d423b6f7338a12b9459550eb2096e7ec"},
    {file = "rpds_py-0.27.1-cp312-cp312-manylinux_2_17_s390x.manylinux2014_s390x.whl", hash = "sha256:e5c20f33fd10485b80f65e800bbe5f6785af510b9f4056c5a3c612ebc83ba6cb"},
    {file = "rpds_py-0.27.1-cp312-cp312-manylinux_2_17_x86_64.manylinux2014_x86_64.whl", hash = "sha256:466bfe65bd932da36ff279ddd92de56b042f2266d752719beb97b08526268ec5"},
    {file = "rpds_py-0.27.1-cp312-cp312-manylinux_2_31_riscv64.whl", hash = "sha256:41e532bbdcb57c92ba3be62c42e9f096431b4cf478da9bc3bc6ce5c38ab7ba7a"},
    {file = "rpds_py-0.27.1-cp312-cp312-manylinux_2_5_i686.manylinux1_i686.whl", hash = "sha256:f149826d742b406579466283769a8ea448eed82a789af0ed17b0cd5770433444"},
    {file = "rpds_py-0.27.1-cp312-cp312-musllinux_1_2_aarch64.whl", hash = "sha256:80c60cfb5310677bd67cb1e85a1e8eb52e12529545441b43e6f14d90b878775a"},
    {file = "rpds_py-0.27.1-cp312-cp312-musllinux_1_2_i686.whl", hash = "sha256:7ee6521b9baf06085f62ba9c7a3e5becffbc32480d2f1b351559c001c38ce4c1"},
    {file = "rpds_py-0.27.1-cp312-cp312-musllinux_1_2_x86_64.whl", hash = "sha256:a512c8263249a9d68cac08b05dd59d2b3f2061d99b322813cbcc14c3c7421998"},
    {file = "rpds_py-0.27.1-cp312-cp312-win32.whl", hash = "sha256:819064fa048ba01b6dadc5116f3ac48610435ac9a0058bbde98e569f9e785c39"},
    {file = "rpds_py-0.27.1-cp312-cp312-win_amd64.whl", hash = "sha256:d9199717881f13c32c4046a15f024971a3b78ad4ea029e8da6b86e5aa9cf4594"},
    {file = "rpds_py-0.27.1-cp312-cp312-win_arm64.whl", hash = "sha256:33aa65b97826a0e885ef6e278fbd934e98cdcfed80b63946025f01e2f5b29502"},
    {file = "rpds_py-0.27.1.tar.gz", hash = "sha256:26a1c73171d10b7acccbded82bf6a586ab8203601e565badc74bbbf8bc5a10f8"},
]

[[package]]
name = "six"
version = "1.17.0"
requires_python = "!=3.0.*,!=3.1.*,!=3.2.*,>=2.7"
summary = "Python 2 and 3 compatibility utilities"
groups = ["default"]
files = [
    {file = "six-1.17.0-py2.py3-none-any.whl", hash = "sha256:4721f391ed90541fddacab5acf947aa0d3dc7d27b2e1e8eda2be8970586c3274"},
    {file = "six-1.17.0.tar.gz", hash = "sha256:ff70335d468e7eb6ec65b95b99d3a2836546063f63acc5171de367e834932a81"},
]

[[package]]
name = "sniffio"
version = "1.3.1"
requires_python = ">=3.7"
summary = "Sniff out which async library your code is running under"
groups = ["default"]
files = [
    {file = "sniffio-1.3.1-py3-none-any.whl", hash = "sha256:2f6da418d1f1e0fddd844478f41680e794e6051915791a034ff65e5f100525a2"},
    {file = "sniffio-1.3.1.tar.gz", hash = "sha256:f4324edc670a0f49750a81b895f35c3adb843cca46f0530f79fc1babb23789dc"},
]

[[package]]
name = "sse-starlette"
version = "3.0.2"
requires_python = ">=3.9"
summary = "SSE plugin for Starlette"
groups = ["default"]
dependencies = [
    "anyio>=4.7.0",
]
files = [
    {file = "sse_starlette-3.0.2-py3-none-any.whl", hash = "sha256:16b7cbfddbcd4eaca11f7b586f3b8a080f1afe952c15813455b162edea619e5a"},
    {file = "sse_starlette-3.0.2.tar.gz", hash = "sha256:ccd60b5765ebb3584d0de2d7a6e4f745672581de4f5005ab31c3a25d10b52b3a"},
]

[[package]]
name = "starlette"
version = "0.48.0"
requires_python = ">=3.9"
summary = "The little ASGI library that shines."
groups = ["default"]
dependencies = [
    "anyio<5,>=3.6.2",
    "typing-extensions>=4.10.0; python_version < \"3.13\"",
]
files = [
    {file = "starlette-0.48.0-py3-none-any.whl", hash = "sha256:0764ca97b097582558ecb498132ed0c7d942f233f365b86ba37770e026510659"},
    {file = "starlette-0.48.0.tar.gz", hash = "sha256:7e8cee469a8ab2352911528110ce9088fdc6a37d9876926e73da7ce4aa4c7a46"},
]

[[package]]
name = "typing-extensions"
version = "4.15.0"
requires_python = ">=3.9"
summary = "Backported and Experimental Type Hints for Python 3.9+"
groups = ["default"]
files = [
    {file = "typing_extensions-4.15.0-py3-none-any.whl", hash = "sha256:f0fa19c6845758ab08074a0cfa8b7aecb71c999ca73d62883bc25cc018c4e548"},
    {file = "typing_extensions-4.15.0.tar.gz", hash = "sha256:0cea48d173cc12fa28ecabc3b837ea3cf6f38c6d1136f85cbaaf598984861466"},
]

[[package]]
name = "typing-inspection"
version = "0.4.1"
requires_python = ">=3.9"
summary = "Runtime typing introspection tools"
groups = ["default"]
dependencies = [
    "typing-extensions>=4.12.0",
]
files = [
    {file = "typing_inspection-0.4.1-py3-none-any.whl", hash = "sha256:389055682238f53b04f7badcb49b989835495a96700ced5dab2d8feae4b26f51"},
    {file = "typing_inspection-0.4.1.tar.gz", hash = "sha256:6ae134cc0203c33377d43188d4064e9b357dba58cff3185f22924610e70a9d28"},
]

[[package]]
name = "urllib3"
version = "2.5.0"
requires_python = ">=3.9"
summary = "HTTP library with thread-safe connection pooling, file post, and more."
groups = ["default"]
files = [
    {file = "urllib3-2.5.0-py3-none-any.whl", hash = "sha256:e6b01673c0fa6a13e374b50871808eb3bf7046c4b125b216f6bf1cc604cff0dc"},
    {file = "urllib3-2.5.0.tar.gz", hash = "sha256:3fc47733c7e419d4bc3f6b3dc2b4f890bb743906a30d56ba4a5bfa4bbff92760"},
]

[[package]]
name = "uvicorn"
version = "0.36.0"
requires_python = ">=3.9"
summary = "The lightning-fast ASGI server."
groups = ["default"]
marker = "sys_platform != \"emscripten\""
dependencies = [
    "click>=7.0",
    "h11>=0.8",
    "typing-extensions>=4.0; python_version < \"3.11\"",
]
files = [
    {file = "uvicorn-0.36.0-py3-none-any.whl", hash = "sha256:6bb4ba67f16024883af8adf13aba3a9919e415358604ce46780d3f9bdc36d731"},
    {file = "uvicorn-0.36.0.tar.gz", hash = "sha256:527dc68d77819919d90a6b267be55f0e76704dca829d34aea9480be831a9b9d9"},
]

[[package]]
name = "werkzeug"
version = "3.1.1"
requires_python = ">=3.9"
summary = "The comprehensive WSGI web application library."
groups = ["default"]
dependencies = [
    "MarkupSafe>=2.1.1",
]
files = [
    {file = "werkzeug-3.1.1-py3-none-any.whl", hash = "sha256:a71124d1ef06008baafa3d266c02f56e1836a5984afd6dd6c9230669d60d9fb5"},
    {file = "werkzeug-3.1.1.tar.gz", hash = "sha256:8cd39dfbdfc1e051965f156163e2974e52c210f130810e9ad36858f0fd3edad4"},
]
